
Microsoft Visual Studio Solution File, Format Version 12.00
# Visual Studio Version 16
VisualStudioVersion = 16.0.30011.22
MinimumVisualStudioVersion = 15.0.26124.0
Project("{9A19103F-16F7-4668-BE54-9A1E7A4F7556}") = "Shared", "Shared\Shared.csproj", "{03F5344D-B59A-4F0F-A9FF-A18D403FC197}"
EndProject
Project("{9A19103F-16F7-4668-BE54-9A1E7A4F7556}") = "WebApp", "WebApp\WebApp.csproj", "{3EF4D91B-2A3E-4107-9D99-BE0134417FF7}"
EndProject
Global
	GlobalSection(SolutionConfigurationPlatforms) = preSolution
		Debug|Any CPU = Debug|Any CPU
		Debug|x64 = Debug|x64
		Debug|x86 = Debug|x86
		Release|Any CPU = Release|Any CPU
		Release|x64 = Release|x64
		Release|x86 = Release|x86
	EndGlobalSection
	GlobalSection(ProjectConfigurationPlatforms) = postSolution
		{03F5344D-B59A-4F0F-A9FF-A18D403FC197}.Debug|Any CPU.ActiveCfg = Debug|Any CPU
		{03F5344D-B59A-4F0F-A9FF-A18D403FC197}.Debug|Any CPU.Build.0 = Debug|Any CPU
		{03F5344D-B59A-4F0F-A9FF-A18D403FC197}.Debug|x64.ActiveCfg = Debug|Any CPU
		{03F5344D-B59A-4F0F-A9FF-A18D403FC197}.Debug|x64.Build.0 = Debug|Any CPU
		{03F5344D-B59A-4F0F-A9FF-A18D403FC197}.Debug|x86.ActiveCfg = Debug|Any CPU
		{03F5344D-B59A-4F0F-A9FF-A18D403FC197}.Debug|x86.Build.0 = Debug|Any CPU
		{03F5344D-B59A-4F0F-A9FF-A18D403FC197}.Release|Any CPU.ActiveCfg = Release|Any CPU
		{03F5344D-B59A-4F0F-A9FF-A18D403FC197}.Release|Any CPU.Build.0 = Release|Any CPU
		{03F5344D-B59A-4F0F-A9FF-A18D403FC197}.Release|x64.ActiveCfg = Release|Any CPU
		{03F5344D-B59A-4F0F-A9FF-A18D403FC197}.Release|x64.Build.0 = Release|Any CPU
		{03F5344D-B59A-4F0F-A9FF-A18D403FC197}.Release|x86.ActiveCfg = Release|Any CPU
		{03F5344D-B59A-4F0F-A9FF-A18D403FC197}.Release|x86.Build.0 = Release|Any CPU
		{3EF4D91B-2A3E-4107-9D99-BE0134417FF7}.Debug|Any CPU.ActiveCfg = Debug|Any CPU
		{3EF4D91B-2A3E-4107-9D99-BE0134417FF7}.Debug|Any CPU.Build.0 = Debug|Any CPU
		{3EF4D91B-2A3E-4107-9D99-BE0134417FF7}.Debug|x64.ActiveCfg = Debug|Any CPU
		{3EF4D91B-2A3E-4107-9D99-BE0134417FF7}.Debug|x64.Build.0 = Debug|Any CPU
		{3EF4D91B-2A3E-4107-9D99-BE0134417FF7}.Debug|x86.ActiveCfg = Debug|Any CPU
		{3EF4D91B-2A3E-4107-9D99-BE0134417FF7}.Debug|x86.Build.0 = Debug|Any CPU
		{3EF4D91B-2A3E-4107-9D99-BE0134417FF7}.Release|Any CPU.ActiveCfg = Release|Any CPU
		{3EF4D91B-2A3E-4107-9D99-BE0134417FF7}.Release|Any CPU.Build.0 = Release|Any CPU
		{3EF4D91B-2A3E-4107-9D99-BE0134417FF7}.Release|x64.ActiveCfg = Release|Any CPU
		{3EF4D91B-2A3E-4107-9D99-BE0134417FF7}.Release|x64.Build.0 = Release|Any CPU
		{3EF4D91B-2A3E-4107-9D99-BE0134417FF7}.Release|x86.ActiveCfg = Release|Any CPU
		{3EF4D91B-2A3E-4107-9D99-BE0134417FF7}.Release|x86.Build.0 = Release|Any CPU
	EndGlobalSection
	GlobalSection(SolutionProperties) = preSolution
		HideSolutionNode = FALSE
	EndGlobalSection
	GlobalSection(ExtensibilityGlobals) = postSolution
		SolutionGuid = {2C64AA45-75C2-4AE4-A362-493E5AFEE12F}
	EndGlobalSection
EndGlobal
